
Microsoft Visual Studio Solution File, Format Version 12.00
# Visual Studio 15
Project("{D954291E-2A0B-460D-934E-DC6B0785DB48}") = "TestBackgroundOps", "TestBackgroundOps\TestBackgroundOps.shproj", "{8537D345-A6D8-48EC-8C22-BED099018E15}"
EndProject
Project("{FAE04EC0-301F-11D3-BF4B-00C04F79EFBC}") = "TestBackgroundOps.Droid", "Droid\TestBackgroundOps.Droid.csproj", "{92E5882D-3298-4288-A7AC-62752CC80363}"
EndProject
Project("{FAE04EC0-301F-11D3-BF4B-00C04F79EFBC}") = "TestBackgroundOps.iOS", "iOS\TestBackgroundOps.iOS.csproj", "{0B64BE64-E795-4EC7-B0D6-9614593AF247}"
EndProject
Global
	GlobalSection(SolutionConfigurationPlatforms) = preSolution
		Debug|Any CPU = Debug|Any CPU
		Release|Any CPU = Release|Any CPU
		Debug|iPhoneSimulator = Debug|iPhoneSimulator
		Release|iPhone = Release|iPhone
		Release|iPhoneSimulator = Release|iPhoneSimulator
		Debug|iPhone = Debug|iPhone
	EndGlobalSection
	GlobalSection(ProjectConfigurationPlatforms) = postSolution
		{92E5882D-3298-4288-A7AC-62752CC80363}.Debug|Any CPU.ActiveCfg = Debug|Any CPU
		{92E5882D-3298-4288-A7AC-62752CC80363}.Debug|Any CPU.Build.0 = Debug|Any CPU
		{92E5882D-3298-4288-A7AC-62752CC80363}.Release|Any CPU.ActiveCfg = Release|Any CPU
		{92E5882D-3298-4288-A7AC-62752CC80363}.Release|Any CPU.Build.0 = Release|Any CPU
		{92E5882D-3298-4288-A7AC-62752CC80363}.Debug|iPhoneSimulator.ActiveCfg = Debug|Any CPU
		{92E5882D-3298-4288-A7AC-62752CC80363}.Debug|iPhoneSimulator.Build.0 = Debug|Any CPU
		{92E5882D-3298-4288-A7AC-62752CC80363}.Release|iPhone.ActiveCfg = Release|Any CPU
		{92E5882D-3298-4288-A7AC-62752CC80363}.Release|iPhone.Build.0 = Release|Any CPU
		{92E5882D-3298-4288-A7AC-62752CC80363}.Release|iPhoneSimulator.ActiveCfg = Release|Any CPU
		{92E5882D-3298-4288-A7AC-62752CC80363}.Release|iPhoneSimulator.Build.0 = Release|Any CPU
		{92E5882D-3298-4288-A7AC-62752CC80363}.Debug|iPhone.ActiveCfg = Debug|Any CPU
		{92E5882D-3298-4288-A7AC-62752CC80363}.Debug|iPhone.Build.0 = Debug|Any CPU
		{0B64BE64-E795-4EC7-B0D6-9614593AF247}.Debug|Any CPU.ActiveCfg = Debug|iPhoneSimulator
		{0B64BE64-E795-4EC7-B0D6-9614593AF247}.Debug|Any CPU.Build.0 = Debug|iPhoneSimulator
		{0B64BE64-E795-4EC7-B0D6-9614593AF247}.Release|Any CPU.ActiveCfg = Release|iPhone
		{0B64BE64-E795-4EC7-B0D6-9614593AF247}.Release|Any CPU.Build.0 = Release|iPhone
		{0B64BE64-E795-4EC7-B0D6-9614593AF247}.Debug|iPhoneSimulator.ActiveCfg = Debug|iPhoneSimulator
		{0B64BE64-E795-4EC7-B0D6-9614593AF247}.Debug|iPhoneSimulator.Build.0 = Debug|iPhoneSimulator
		{0B64BE64-E795-4EC7-B0D6-9614593AF247}.Release|iPhone.ActiveCfg = Release|iPhone
		{0B64BE64-E795-4EC7-B0D6-9614593AF247}.Release|iPhone.Build.0 = Release|iPhone
		{0B64BE64-E795-4EC7-B0D6-9614593AF247}.Release|iPhoneSimulator.ActiveCfg = Release|iPhoneSimulator
		{0B64BE64-E795-4EC7-B0D6-9614593AF247}.Release|iPhoneSimulator.Build.0 = Release|iPhoneSimulator
		{0B64BE64-E795-4EC7-B0D6-9614593AF247}.Debug|iPhone.ActiveCfg = Debug|iPhone
		{0B64BE64-E795-4EC7-B0D6-9614593AF247}.Debug|iPhone.Build.0 = Debug|iPhone
	EndGlobalSection
EndGlobal
